
Microsoft Visual Studio Solution File, Format Version 12.00
# Visual Studio 14
VisualStudioVersion = 14.0.25420.1
MinimumVisualStudioVersion = 10.0.40219.1
Project("{FAE04EC0-301F-11D3-BF4B-00C04F79EFBC}") = "PPC", "PPC\PPC.csproj", "{55FB648D-7F53-4CB5-941F-0494DE5AB416}"
EndProject
Project("{FAE04EC0-301F-11D3-BF4B-00C04F79EFBC}") = "PPC.AcceptanceTests", "PPC.AcceptanceTests\PPC.AcceptanceTests.csproj", "{178E27B9-11DF-4817-85EB-0CEAD1C130E1}"
EndProject
Project("{FAE04EC0-301F-11D3-BF4B-00C04F79EFBC}") = "PPC.AcceptanceTests.Common", "PPC.AcceptanceTests.Common\PPC.AcceptanceTests.Common.csproj", "{113B2C91-8800-42BB-87F2-6AC1CBEECC2B}"
EndProject
Project("{FAE04EC0-301F-11D3-BF4B-00C04F79EFBC}") = "PPC.UITests.Selenium", "PPC.UITests.Selenium\PPC.UITests.Selenium.csproj", "{4AD181E2-CF65-4A45-9857-14616CF349B7}"
EndProject
Project("{FAE04EC0-301F-11D3-BF4B-00C04F79EFBC}") = "PPC.UnitTests", "PPC.UnitTests\PPC.UnitTests.csproj", "{33CB2104-E0C9-44BD-A246-919B549FE0C2}"
EndProject
Global
	GlobalSection(SolutionConfigurationPlatforms) = preSolution
		Debug|Any CPU = Debug|Any CPU
		Release|Any CPU = Release|Any CPU
	EndGlobalSection
	GlobalSection(ProjectConfigurationPlatforms) = postSolution
		{55FB648D-7F53-4CB5-941F-0494DE5AB416}.Debug|Any CPU.ActiveCfg = Debug|Any CPU
		{55FB648D-7F53-4CB5-941F-0494DE5AB416}.Debug|Any CPU.Build.0 = Debug|Any CPU
		{55FB648D-7F53-4CB5-941F-0494DE5AB416}.Release|Any CPU.ActiveCfg = Release|Any CPU
		{55FB648D-7F53-4CB5-941F-0494DE5AB416}.Release|Any CPU.Build.0 = Release|Any CPU
		{178E27B9-11DF-4817-85EB-0CEAD1C130E1}.Debug|Any CPU.ActiveCfg = Debug|Any CPU
		{178E27B9-11DF-4817-85EB-0CEAD1C130E1}.Debug|Any CPU.Build.0 = Debug|Any CPU
		{178E27B9-11DF-4817-85EB-0CEAD1C130E1}.Release|Any CPU.ActiveCfg = Release|Any CPU
		{178E27B9-11DF-4817-85EB-0CEAD1C130E1}.Release|Any CPU.Build.0 = Release|Any CPU
		{113B2C91-8800-42BB-87F2-6AC1CBEECC2B}.Debug|Any CPU.ActiveCfg = Debug|Any CPU
		{113B2C91-8800-42BB-87F2-6AC1CBEECC2B}.Debug|Any CPU.Build.0 = Debug|Any CPU
		{113B2C91-8800-42BB-87F2-6AC1CBEECC2B}.Release|Any CPU.ActiveCfg = Release|Any CPU
		{113B2C91-8800-42BB-87F2-6AC1CBEECC2B}.Release|Any CPU.Build.0 = Release|Any CPU
		{4AD181E2-CF65-4A45-9857-14616CF349B7}.Debug|Any CPU.ActiveCfg = Debug|Any CPU
		{4AD181E2-CF65-4A45-9857-14616CF349B7}.Debug|Any CPU.Build.0 = Debug|Any CPU
		{4AD181E2-CF65-4A45-9857-14616CF349B7}.Release|Any CPU.ActiveCfg = Release|Any CPU
		{4AD181E2-CF65-4A45-9857-14616CF349B7}.Release|Any CPU.Build.0 = Release|Any CPU
		{33CB2104-E0C9-44BD-A246-919B549FE0C2}.Debug|Any CPU.ActiveCfg = Debug|Any CPU
		{33CB2104-E0C9-44BD-A246-919B549FE0C2}.Debug|Any CPU.Build.0 = Debug|Any CPU
		{33CB2104-E0C9-44BD-A246-919B549FE0C2}.Release|Any CPU.ActiveCfg = Release|Any CPU
		{33CB2104-E0C9-44BD-A246-919B549FE0C2}.Release|Any CPU.Build.0 = Release|Any CPU
	EndGlobalSection
	GlobalSection(SolutionProperties) = preSolution
		HideSolutionNode = FALSE
	EndGlobalSection
EndGlobal
